
Microsoft Visual Studio Solution File, Format Version 12.00
# Visual Studio 2013
Project("{FAE04EC0-301F-11D3-BF4B-00C04F79EFBC}") = "wushi2.CSharp.Plugins", "wushi2.CSharp.Plugins.csproj", "{2D004AB8-116D-4D40-6928-0C7909A67661}"
EndProject
Project("{FAE04EC0-301F-11D3-BF4B-00C04F79EFBC}") = "wushi2.CSharp", "wushi2.CSharp.csproj", "{027D838B-82D7-031D-F288-E61B1BBF6699}"
EndProject
Project("{FAE04EC0-301F-11D3-BF4B-00C04F79EFBC}") = "wushi2.CSharp.Editor", "wushi2.CSharp.Editor.csproj", "{01FEEFCA-8E5D-9388-4A1B-61267D92F8D0}"
EndProject
Global
	GlobalSection(SolutionConfigurationPlatforms) = preSolution
		Debug|Any CPU = Debug|Any CPU
		Release|Any CPU = Release|Any CPU
	EndGlobalSection
	GlobalSection(ProjectConfigurationPlatforms) = postSolution
		{2D004AB8-116D-4D40-6928-0C7909A67661}.Debug|Any CPU.ActiveCfg = Debug|Any CPU
		{2D004AB8-116D-4D40-6928-0C7909A67661}.Debug|Any CPU.Build.0 = Debug|Any CPU
		{2D004AB8-116D-4D40-6928-0C7909A67661}.Release|Any CPU.ActiveCfg = Release|Any CPU
		{2D004AB8-116D-4D40-6928-0C7909A67661}.Release|Any CPU.Build.0 = Release|Any CPU
		{027D838B-82D7-031D-F288-E61B1BBF6699}.Debug|Any CPU.ActiveCfg = Debug|Any CPU
		{027D838B-82D7-031D-F288-E61B1BBF6699}.Debug|Any CPU.Build.0 = Debug|Any CPU
		{027D838B-82D7-031D-F288-E61B1BBF6699}.Release|Any CPU.ActiveCfg = Release|Any CPU
		{027D838B-82D7-031D-F288-E61B1BBF6699}.Release|Any CPU.Build.0 = Release|Any CPU
		{01FEEFCA-8E5D-9388-4A1B-61267D92F8D0}.Debug|Any CPU.ActiveCfg = Debug|Any CPU
		{01FEEFCA-8E5D-9388-4A1B-61267D92F8D0}.Debug|Any CPU.Build.0 = Debug|Any CPU
		{01FEEFCA-8E5D-9388-4A1B-61267D92F8D0}.Release|Any CPU.ActiveCfg = Release|Any CPU
		{01FEEFCA-8E5D-9388-4A1B-61267D92F8D0}.Release|Any CPU.Build.0 = Release|Any CPU
	EndGlobalSection
	GlobalSection(SolutionProperties) = preSolution
		HideSolutionNode = FALSE
	EndGlobalSection
EndGlobal
